
Microsoft Visual Studio Solution File, Format Version 12.00
# Visual Studio Version 17
VisualStudioVersion = 17.5.33516.290
MinimumVisualStudioVersion = 10.0.40219.1
Project("{8BC9CEB8-8B4A-11D0-8D11-00A0C91BC942}") = "yazi-json", "yazi-json\yazi-json.vcxproj", "{5058CA7A-CC57-49F9-93BF-2701D257422C}"
EndProject
Global
	GlobalSection(SolutionConfigurationPlatforms) = preSolution
		Debug|x64 = Debug|x64
		Debug|x86 = Debug|x86
		Release|x64 = Release|x64
		Release|x86 = Release|x86
	EndGlobalSection
	GlobalSection(ProjectConfigurationPlatforms) = postSolution
		{5058CA7A-CC57-49F9-93BF-2701D257422C}.Debug|x64.ActiveCfg = Debug|x64
		{5058CA7A-CC57-49F9-93BF-2701D257422C}.Debug|x64.Build.0 = Debug|x64
		{5058CA7A-CC57-49F9-93BF-2701D257422C}.Debug|x86.ActiveCfg = Debug|Win32
		{5058CA7A-CC57-49F9-93BF-2701D257422C}.Debug|x86.Build.0 = Debug|Win32
		{5058CA7A-CC57-49F9-93BF-2701D257422C}.Release|x64.ActiveCfg = Release|x64
		{5058CA7A-CC57-49F9-93BF-2701D257422C}.Release|x64.Build.0 = Release|x64
		{5058CA7A-CC57-49F9-93BF-2701D257422C}.Release|x86.ActiveCfg = Release|Win32
		{5058CA7A-CC57-49F9-93BF-2701D257422C}.Release|x86.Build.0 = Release|Win32
	EndGlobalSection
	GlobalSection(SolutionProperties) = preSolution
		HideSolutionNode = FALSE
	EndGlobalSection
	GlobalSection(ExtensibilityGlobals) = postSolution
		SolutionGuid = {9D0AAEE1-4158-4E0E-85EE-37B719A99543}
	EndGlobalSection
EndGlobal
